{
  "name": "hello",
  "version": "1.0.0",
  "lockfileVersion": 3,
  "requires": true,
  "packages": {
    "": {
      "name": "hello",
      "version": "1.0.0",
      "license": "ISC",
      "dependencies": {
        "subscribe": "^3.0.0"
      }
    },
    "node_modules/subscribe": {
      "version": "3.0.0",
      "resolved": "https://registry.npmjs.org/subscribe/-/subscribe-3.0.0.tgz",
      "integrity": "sha512-nJ2Vn7VyXNI5QrINr2rnu59goCTN5Oc8FYWHc36sLTHPROxd1iwc/KeTZFLUQ4kLAYcf0iv2G/jwDXc7YAChiw=="
    }
  }
}
